// !$*UTF8*$!
{
	archiveVersion = 1;
	classes = {
	};
	objectVersion = 46;
	objects = {

/* Begin PBXBuildFile section */
		18BB963E1C75F49000F521B9 /* main.m in Sources */ = {isa = PBXBuildFile; fileRef = 18BB963D1C75F49000F521B9 /* main.m */; };
		18BB96491C75F49000F521B9 /* Assets.xcassets in Resources */ = {isa = PBXBuildFile; fileRef = 18BB96481C75F49000F521B9 /* Assets.xcassets */; };
		18BB964C1C75F49000F521B9 /* LaunchScreen.storyboard in Resources */ = {isa = PBXBuildFile; fileRef = 18BB964A1C75F49000F521B9 /* LaunchScreen.storyboard */; };
		18BB96571C75F49100F521B9 /* sinaWeibo8Tests.m in Sources */ = {isa = PBXBuildFile; fileRef = 18BB96561C75F49100F521B9 /* sinaWeibo8Tests.m */; };
		18BB96621C75F49100F521B9 /* sinaWeibo8UITests.m in Sources */ = {isa = PBXBuildFile; fileRef = 18BB96611C75F49100F521B9 /* sinaWeibo8UITests.m */; };
		18BB96711C75F98F00F521B9 /* AppDelegate.m in Sources */ = {isa = PBXBuildFile; fileRef = 18BB96701C75F98F00F521B9 /* AppDelegate.m */; };
		18BB968D1C75FA5200F521B9 /* UIImage+YQImage.m in Sources */ = {isa = PBXBuildFile; fileRef = 18BB968A1C75FA5200F521B9 /* UIImage+YQImage.m */; };
		18BB968E1C75FA5200F521B9 /* UIView+ZUtility.m in Sources */ = {isa = PBXBuildFile; fileRef = 18BB968C1C75FA5200F521B9 /* UIView+ZUtility.m */; };
		18BB96911C75FA8900F521B9 /* YQTabBarController.m in Sources */ = {isa = PBXBuildFile; fileRef = 18BB96901C75FA8900F521B9 /* YQTabBarController.m */; };
		18BB96961C75FA9A00F521B9 /* YQTabBar.m in Sources */ = {isa = PBXBuildFile; fileRef = 18BB96931C75FA9A00F521B9 /* YQTabBar.m */; };
		18BB96971C75FA9A00F521B9 /* YQTabBarButton.m in Sources */ = {isa = PBXBuildFile; fileRef = 18BB96951C75FA9A00F521B9 /* YQTabBarButton.m */; };
		18BB969A1C75FAAB00F521B9 /* YQBadgeView.m in Sources */ = {isa = PBXBuildFile; fileRef = 18BB96991C75FAAB00F521B9 /* YQBadgeView.m */; };
		18BB969D1C75FB6E00F521B9 /* YQDiscoverViewController.m in Sources */ = {isa = PBXBuildFile; fileRef = 18BB969C1C75FB6E00F521B9 /* YQDiscoverViewController.m */; };
		18BB96A01C75FB7A00F521B9 /* YQHomeViewController.m in Sources */ = {isa = PBXBuildFile; fileRef = 18BB969F1C75FB7A00F521B9 /* YQHomeViewController.m */; };
		18BB96A31C75FB8E00F521B9 /* YQMessageViewController.m in Sources */ = {isa = PBXBuildFile; fileRef = 18BB96A21C75FB8E00F521B9 /* YQMessageViewController.m */; };
		18BB96A61C75FB9D00F521B9 /* YQProfileViewController.m in Sources */ = {isa = PBXBuildFile; fileRef = 18BB96A51C75FB9D00F521B9 /* YQProfileViewController.m */; };
		18BB96AA1C760ED300F521B9 /* UIBarButtonItem+item.m in Sources */ = {isa = PBXBuildFile; fileRef = 18BB96A91C760ED300F521B9 /* UIBarButtonItem+item.m */; };
		18BB96AD1C761A6F00F521B9 /* YQTitleButton.m in Sources */ = {isa = PBXBuildFile; fileRef = 18BB96AC1C761A6F00F521B9 /* YQTitleButton.m */; };
		18BB96B31C7705DB00F521B9 /* YQCoverView.m in Sources */ = {isa = PBXBuildFile; fileRef = 18BB96B21C7705DB00F521B9 /* YQCoverView.m */; };
		18BB96B61C77063800F521B9 /* YQPopMenu.m in Sources */ = {isa = PBXBuildFile; fileRef = 18BB96B51C77063800F521B9 /* YQPopMenu.m */; };
		18E8F03A1C8EACF7008AEA71 /* YQOneViewController.m in Sources */ = {isa = PBXBuildFile; fileRef = 18E8F0391C8EACF7008AEA71 /* YQOneViewController.m */; };
		18F476481C8ED97700EDA50A /* YQNavigationController.m in Sources */ = {isa = PBXBuildFile; fileRef = 18F476471C8ED97700EDA50A /* YQNavigationController.m */; };
		18F4764E1C8EE39B00EDA50A /* YQSearch.m in Sources */ = {isa = PBXBuildFile; fileRef = 18F4764D1C8EE39B00EDA50A /* YQSearch.m */; };
		18F476511C8F11D300EDA50A /* YQSettingController.m in Sources */ = {isa = PBXBuildFile; fileRef = 18F476501C8F11D300EDA50A /* YQSettingController.m */; };
		18F476581C8F2BB500EDA50A /* YQNewFeatureController.m in Sources */ = {isa = PBXBuildFile; fileRef = 18F476571C8F2BB500EDA50A /* YQNewFeatureController.m */; };
		18F4765B1C8FA39000EDA50A /* YQNewFeatureCell.m in Sources */ = {isa = PBXBuildFile; fileRef = 18F4765A1C8FA39000EDA50A /* YQNewFeatureCell.m */; };
		18F476771C8FA97200EDA50A /* MASCompositeConstraint.m in Sources */ = {isa = PBXBuildFile; fileRef = 18F4765F1C8FA97200EDA50A /* MASCompositeConstraint.m */; };
		18F476781C8FA97200EDA50A /* MASConstraint.m in Sources */ = {isa = PBXBuildFile; fileRef = 18F476621C8FA97200EDA50A /* MASConstraint.m */; };
		18F476791C8FA97200EDA50A /* MASConstraintMaker.m in Sources */ = {isa = PBXBuildFile; fileRef = 18F476641C8FA97200EDA50A /* MASConstraintMaker.m */; };
		18F4767A1C8FA97200EDA50A /* MASLayoutConstraint.m in Sources */ = {isa = PBXBuildFile; fileRef = 18F476661C8FA97200EDA50A /* MASLayoutConstraint.m */; };
		18F4767B1C8FA97200EDA50A /* MASViewAttribute.m in Sources */ = {isa = PBXBuildFile; fileRef = 18F4766A1C8FA97200EDA50A /* MASViewAttribute.m */; };
		18F4767C1C8FA97200EDA50A /* MASViewConstraint.m in Sources */ = {isa = PBXBuildFile; fileRef = 18F4766C1C8FA97200EDA50A /* MASViewConstraint.m */; };
		18F4767D1C8FA97200EDA50A /* NSArray+MASAdditions.m in Sources */ = {isa = PBXBuildFile; fileRef = 18F4766E1C8FA97200EDA50A /* NSArray+MASAdditions.m */; };
		18F4767E1C8FA97200EDA50A /* NSLayoutConstraint+MASDebugAdditions.m in Sources */ = {isa = PBXBuildFile; fileRef = 18F476711C8FA97200EDA50A /* NSLayoutConstraint+MASDebugAdditions.m */; };
		18F4767F1C8FA97200EDA50A /* View+MASAdditions.m in Sources */ = {isa = PBXBuildFile; fileRef = 18F476731C8FA97200EDA50A /* View+MASAdditions.m */; };
		18F476801C8FA97200EDA50A /* ViewController+MASAdditions.m in Sources */ = {isa = PBXBuildFile; fileRef = 18F476761C8FA97200EDA50A /* ViewController+MASAdditions.m */; };
		18F476831C90014300EDA50A /* YQWelcomeController.m in Sources */ = {isa = PBXBuildFile; fileRef = 18F476821C90014300EDA50A /* YQWelcomeController.m */; };
		18FC334C1C92A592005E3154 /* YQOauthController.m in Sources */ = {isa = PBXBuildFile; fileRef = 18FC33491C92A592005E3154 /* YQOauthController.m */; };
		18FC33531C92A8F0005E3154 /* MBProgressHUD+MJ.m in Sources */ = {isa = PBXBuildFile; fileRef = 18FC334F1C92A8F0005E3154 /* MBProgressHUD+MJ.m */; };
		18FC33541C92A8F0005E3154 /* MBProgressHUD.bundle in Resources */ = {isa = PBXBuildFile; fileRef = 18FC33501C92A8F0005E3154 /* MBProgressHUD.bundle */; };
		18FC33551C92A8F0005E3154 /* MBProgressHUD.m in Sources */ = {isa = PBXBuildFile; fileRef = 18FC33521C92A8F0005E3154 /* MBProgressHUD.m */; };
		18FC336A1C92B297005E3154 /* AFHTTPRequestOperation.m in Sources */ = {isa = PBXBuildFile; fileRef = 18FC33581C92B297005E3154 /* AFHTTPRequestOperation.m */; };
		18FC336B1C92B297005E3154 /* AFHTTPRequestOperationManager.m in Sources */ = {isa = PBXBuildFile; fileRef = 18FC335A1C92B297005E3154 /* AFHTTPRequestOperationManager.m */; };
		18FC336C1C92B297005E3154 /* AFHTTPSessionManager.m in Sources */ = {isa = PBXBuildFile; fileRef = 18FC335C1C92B297005E3154 /* AFHTTPSessionManager.m */; };
		18FC336D1C92B297005E3154 /* AFNetworkReachabilityManager.m in Sources */ = {isa = PBXBuildFile; fileRef = 18FC335F1C92B297005E3154 /* AFNetworkReachabilityManager.m */; };
		18FC336E1C92B297005E3154 /* AFSecurityPolicy.m in Sources */ = {isa = PBXBuildFile; fileRef = 18FC33611C92B297005E3154 /* AFSecurityPolicy.m */; };
		18FC336F1C92B297005E3154 /* AFURLConnectionOperation.m in Sources */ = {isa = PBXBuildFile; fileRef = 18FC33631C92B297005E3154 /* AFURLConnectionOperation.m */; };
		18FC33701C92B297005E3154 /* AFURLRequestSerialization.m in Sources */ = {isa = PBXBuildFile; fileRef = 18FC33651C92B297005E3154 /* AFURLRequestSerialization.m */; };
		18FC33711C92B297005E3154 /* AFURLResponseSerialization.m in Sources */ = {isa = PBXBuildFile; fileRef = 18FC33671C92B297005E3154 /* AFURLResponseSerialization.m */; };
		18FC33721C92B297005E3154 /* AFURLSessionManager.m in Sources */ = {isa = PBXBuildFile; fileRef = 18FC33691C92B297005E3154 /* AFURLSessionManager.m */; };
/* End PBXBuildFile section */

/* Begin PBXContainerItemProxy section */
		18BB96531C75F49100F521B9 /* PBXContainerItemProxy */ = {
			isa = PBXContainerItemProxy;
			containerPortal = 18BB96311C75F49000F521B9 /* Project object */;
			proxyType = 1;
			remoteGlobalIDString = 18BB96381C75F49000F521B9;
			remoteInfo = sinaWeibo8;
		};
		18BB965E1C75F49100F521B9 /* PBXContainerItemProxy */ = {
			isa = PBXContainerItemProxy;
			containerPortal = 18BB96311C75F49000F521B9 /* Project object */;
			proxyType = 1;
			remoteGlobalIDString = 18BB96381C75F49000F521B9;
			remoteInfo = sinaWeibo8;
		};
/* End PBXContainerItemProxy section */

/* Begin PBXFileReference section */
		18BB96391C75F49000F521B9 /* sinaWeibo8.app */ = {isa = PBXFileReference; explicitFileType = wrapper.application; includeInIndex = 0; path = sinaWeibo8.app; sourceTree = BUILT_PRODUCTS_DIR; };
		18BB963D1C75F49000F521B9 /* main.m */ = {isa = PBXFileReference; lastKnownFileType = sourcecode.c.objc; path = main.m; sourceTree = "<group>"; };
		18BB96481C75F49000F521B9 /* Assets.xcassets */ = {isa = PBXFileReference; lastKnownFileType = folder.assetcatalog; path = Assets.xcassets; sourceTree = "<group>"; };
		18BB964B1C75F49000F521B9 /* Base */ = {isa = PBXFileReference; lastKnownFileType = file.storyboard; name = Base; path = Base.lproj/LaunchScreen.storyboard; sourceTree = "<group>"; };
		18BB964D1C75F49000F521B9 /* Info.plist */ = {isa = PBXFileReference; lastKnownFileType = text.plist.xml; path = Info.plist; sourceTree = "<group>"; };
		18BB96521C75F49100F521B9 /* sinaWeibo8Tests.xctest */ = {isa = PBXFileReference; explicitFileType = wrapper.cfbundle; includeInIndex = 0; path = sinaWeibo8Tests.xctest; sourceTree = BUILT_PRODUCTS_DIR; };
		18BB96561C75F49100F521B9 /* sinaWeibo8Tests.m */ = {isa = PBXFileReference; lastKnownFileType = sourcecode.c.objc; path = sinaWeibo8Tests.m; sourceTree = "<group>"; };
		18BB96581C75F49100F521B9 /* Info.plist */ = {isa = PBXFileReference; lastKnownFileType = text.plist.xml; path = Info.plist; sourceTree = "<group>"; };
		18BB965D1C75F49100F521B9 /* sinaWeibo8UITests.xctest */ = {isa = PBXFileReference; explicitFileType = wrapper.cfbundle; includeInIndex = 0; path = sinaWeibo8UITests.xctest; sourceTree = BUILT_PRODUCTS_DIR; };
		18BB96611C75F49100F521B9 /* sinaWeibo8UITests.m */ = {isa = PBXFileReference; lastKnownFileType = sourcecode.c.objc; path = sinaWeibo8UITests.m; sourceTree = "<group>"; };
		18BB96631C75F49100F521B9 /* Info.plist */ = {isa = PBXFileReference; lastKnownFileType = text.plist.xml; path = Info.plist; sourceTree = "<group>"; };
		18BB966F1C75F98F00F521B9 /* AppDelegate.h */ = {isa = PBXFileReference; fileEncoding = 4; lastKnownFileType = sourcecode.c.h; path = AppDelegate.h; sourceTree = "<group>"; };
		18BB96701C75F98F00F521B9 /* AppDelegate.m */ = {isa = PBXFileReference; fileEncoding = 4; lastKnownFileType = sourcecode.c.objc; path = AppDelegate.m; sourceTree = "<group>"; };
		18BB96891C75FA5200F521B9 /* UIImage+YQImage.h */ = {isa = PBXFileReference; fileEncoding = 4; lastKnownFileType = sourcecode.c.h; path = "UIImage+YQImage.h"; sourceTree = "<group>"; };
		18BB968A1C75FA5200F521B9 /* UIImage+YQImage.m */ = {isa = PBXFileReference; fileEncoding = 4; lastKnownFileType = sourcecode.c.objc; path = "UIImage+YQImage.m"; sourceTree = "<group>"; };
		18BB968B1C75FA5200F521B9 /* UIView+ZUtility.h */ = {isa = PBXFileReference; fileEncoding = 4; lastKnownFileType = sourcecode.c.h; path = "UIView+ZUtility.h"; sourceTree = "<group>"; };
		18BB968C1C75FA5200F521B9 /* UIView+ZUtility.m */ = {isa = PBXFileReference; fileEncoding = 4; lastKnownFileType = sourcecode.c.objc; path = "UIView+ZUtility.m"; sourceTree = "<group>"; };
		18BB968F1C75FA8900F521B9 /* YQTabBarController.h */ = {isa = PBXFileReference; fileEncoding = 4; lastKnownFileType = sourcecode.c.h; path = YQTabBarController.h; sourceTree = "<group>"; };
		18BB96901C75FA8900F521B9 /* YQTabBarController.m */ = {isa = PBXFileReference; fileEncoding = 4; lastKnownFileType = sourcecode.c.objc; path = YQTabBarController.m; sourceTree = "<group>"; };
		18BB96921C75FA9A00F521B9 /* YQTabBar.h */ = {isa = PBXFileReference; fileEncoding = 4; lastKnownFileType = sourcecode.c.h; path = YQTabBar.h; sourceTree = "<group>"; };
		18BB96931C75FA9A00F521B9 /* YQTabBar.m */ = {isa = PBXFileReference; fileEncoding = 4; lastKnownFileType = sourcecode.c.objc; path = YQTabBar.m; sourceTree = "<group>"; };
		18BB96941C75FA9A00F521B9 /* YQTabBarButton.h */ = {isa = PBXFileReference; fileEncoding = 4; lastKnownFileType = sourcecode.c.h; path = YQTabBarButton.h; sourceTree = "<group>"; };
		18BB96951C75FA9A00F521B9 /* YQTabBarButton.m */ = {isa = PBXFileReference; fileEncoding = 4; lastKnownFileType = sourcecode.c.objc; path = YQTabBarButton.m; sourceTree = "<group>"; };
		18BB96981C75FAAB00F521B9 /* YQBadgeView.h */ = {isa = PBXFileReference; fileEncoding = 4; lastKnownFileType = sourcecode.c.h; path = YQBadgeView.h; sourceTree = "<group>"; };
		18BB96991C75FAAB00F521B9 /* YQBadgeView.m */ = {isa = PBXFileReference; fileEncoding = 4; lastKnownFileType = sourcecode.c.objc; path = YQBadgeView.m; sourceTree = "<group>"; };
		18BB969B1C75FB6E00F521B9 /* YQDiscoverViewController.h */ = {isa = PBXFileReference; fileEncoding = 4; lastKnownFileType = sourcecode.c.h; path = YQDiscoverViewController.h; sourceTree = "<group>"; };
		18BB969C1C75FB6E00F521B9 /* YQDiscoverViewController.m */ = {isa = PBXFileReference; fileEncoding = 4; lastKnownFileType = sourcecode.c.objc; path = YQDiscoverViewController.m; sourceTree = "<group>"; };
		18BB969E1C75FB7A00F521B9 /* YQHomeViewController.h */ = {isa = PBXFileReference; fileEncoding = 4; lastKnownFileType = sourcecode.c.h; path = YQHomeViewController.h; sourceTree = "<group>"; };
		18BB969F1C75FB7A00F521B9 /* YQHomeViewController.m */ = {isa = PBXFileReference; fileEncoding = 4; lastKnownFileType = sourcecode.c.objc; path = YQHomeViewController.m; sourceTree = "<group>"; };
		18BB96A11C75FB8E00F521B9 /* YQMessageViewController.h */ = {isa = PBXFileReference; fileEncoding = 4; lastKnownFileType = sourcecode.c.h; path = YQMessageViewController.h; sourceTree = "<group>"; };
		18BB96A21C75FB8E00F521B9 /* YQMessageViewController.m */ = {isa = PBXFileReference; fileEncoding = 4; lastKnownFileType = sourcecode.c.objc; path = YQMessageViewController.m; sourceTree = "<group>"; };
		18BB96A41C75FB9D00F521B9 /* YQProfileViewController.h */ = {isa = PBXFileReference; fileEncoding = 4; lastKnownFileType = sourcecode.c.h; path = YQProfileViewController.h; sourceTree = "<group>"; };
		18BB96A51C75FB9D00F521B9 /* YQProfileViewController.m */ = {isa = PBXFileReference; fileEncoding = 4; lastKnownFileType = sourcecode.c.objc; path = YQProfileViewController.m; sourceTree = "<group>"; };
		18BB96A71C75FBD900F521B9 /* sinaWeibo.pch */ = {isa = PBXFileReference; fileEncoding = 4; lastKnownFileType = sourcecode.c.h; path = sinaWeibo.pch; sourceTree = "<group>"; };
		18BB96A81C760ED300F521B9 /* UIBarButtonItem+item.h */ = {isa = PBXFileReference; fileEncoding = 4; lastKnownFileType = sourcecode.c.h; path = "UIBarButtonItem+item.h"; sourceTree = "<group>"; };
		18BB96A91C760ED300F521B9 /* UIBarButtonItem+item.m */ = {isa = PBXFileReference; fileEncoding = 4; lastKnownFileType = sourcecode.c.objc; path = "UIBarButtonItem+item.m"; sourceTree = "<group>"; };
		18BB96AB1C761A6F00F521B9 /* YQTitleButton.h */ = {isa = PBXFileReference; fileEncoding = 4; lastKnownFileType = sourcecode.c.h; path = YQTitleButton.h; sourceTree = "<group>"; };
		18BB96AC1C761A6F00F521B9 /* YQTitleButton.m */ = {isa = PBXFileReference; fileEncoding = 4; lastKnownFileType = sourcecode.c.objc; path = YQTitleButton.m; sourceTree = "<group>"; };
		18BB96B11C7705DB00F521B9 /* YQCoverView.h */ = {isa = PBXFileReference; fileEncoding = 4; lastKnownFileType = sourcecode.c.h; path = YQCoverView.h; sourceTree = "<group>"; };
		18BB96B21C7705DB00F521B9 /* YQCoverView.m */ = {isa = PBXFileReference; fileEncoding = 4; lastKnownFileType = sourcecode.c.objc; path = YQCoverView.m; sourceTree = "<group>"; };
		18BB96B41C77063800F521B9 /* YQPopMenu.h */ = {isa = PBXFileReference; fileEncoding = 4; lastKnownFileType = sourcecode.c.h; path = YQPopMenu.h; sourceTree = "<group>"; };
		18BB96B51C77063800F521B9 /* YQPopMenu.m */ = {isa = PBXFileReference; fileEncoding = 4; lastKnownFileType = sourcecode.c.objc; path = YQPopMenu.m; sourceTree = "<group>"; };
		18E8F0381C8EACF7008AEA71 /* YQOneViewController.h */ = {isa = PBXFileReference; fileEncoding = 4; lastKnownFileType = sourcecode.c.h; path = YQOneViewController.h; sourceTree = "<group>"; };
		18E8F0391C8EACF7008AEA71 /* YQOneViewController.m */ = {isa = PBXFileReference; fileEncoding = 4; lastKnownFileType = sourcecode.c.objc; path = YQOneViewController.m; sourceTree = "<group>"; };
		18F476461C8ED97700EDA50A /* YQNavigationController.h */ = {isa = PBXFileReference; fileEncoding = 4; lastKnownFileType = sourcecode.c.h; path = YQNavigationController.h; sourceTree = "<group>"; };
		18F476471C8ED97700EDA50A /* YQNavigationController.m */ = {isa = PBXFileReference; fileEncoding = 4; lastKnownFileType = sourcecode.c.objc; path = YQNavigationController.m; sourceTree = "<group>"; };
		18F4764C1C8EE39B00EDA50A /* YQSearch.h */ = {isa = PBXFileReference; fileEncoding = 4; lastKnownFileType = sourcecode.c.h; path = YQSearch.h; sourceTree = "<group>"; };
		18F4764D1C8EE39B00EDA50A /* YQSearch.m */ = {isa = PBXFileReference; fileEncoding = 4; lastKnownFileType = sourcecode.c.objc; path = YQSearch.m; sourceTree = "<group>"; };
		18F4764F1C8F11D300EDA50A /* YQSettingController.h */ = {isa = PBXFileReference; fileEncoding = 4; lastKnownFileType = sourcecode.c.h; path = YQSettingController.h; sourceTree = "<group>"; };
		18F476501C8F11D300EDA50A /* YQSettingController.m */ = {isa = PBXFileReference; fileEncoding = 4; lastKnownFileType = sourcecode.c.objc; path = YQSettingController.m; sourceTree = "<group>"; };
		18F476561C8F2BB500EDA50A /* YQNewFeatureController.h */ = {isa = PBXFileReference; fileEncoding = 4; lastKnownFileType = sourcecode.c.h; path = YQNewFeatureController.h; sourceTree = "<group>"; };
		18F476571C8F2BB500EDA50A /* YQNewFeatureController.m */ = {isa = PBXFileReference; fileEncoding = 4; lastKnownFileType = sourcecode.c.objc; path = YQNewFeatureController.m; sourceTree = "<group>"; };
		18F476591C8FA39000EDA50A /* YQNewFeatureCell.h */ = {isa = PBXFileReference; fileEncoding = 4; lastKnownFileType = sourcecode.c.h; path = YQNewFeatureCell.h; sourceTree = "<group>"; };
		18F4765A1C8FA39000EDA50A /* YQNewFeatureCell.m */ = {isa = PBXFileReference; fileEncoding = 4; lastKnownFileType = sourcecode.c.objc; path = YQNewFeatureCell.m; sourceTree = "<group>"; };
		18F4765E1C8FA97200EDA50A /* MASCompositeConstraint.h */ = {isa = PBXFileReference; fileEncoding = 4; lastKnownFileType = sourcecode.c.h; path = MASCompositeConstraint.h; sourceTree = "<group>"; };
		18F4765F1C8FA97200EDA50A /* MASCompositeConstraint.m */ = {isa = PBXFileReference; fileEncoding = 4; lastKnownFileType = sourcecode.c.objc; path = MASCompositeConstraint.m; sourceTree = "<group>"; };
		18F476601C8FA97200EDA50A /* MASConstraint+Private.h */ = {isa = PBXFileReference; fileEncoding = 4; lastKnownFileType = sourcecode.c.h; path = "MASConstraint+Private.h"; sourceTree = "<group>"; };
		18F476611C8FA97200EDA50A /* MASConstraint.h */ = {isa = PBXFileReference; fileEncoding = 4; lastKnownFileType = sourcecode.c.h; path = MASConstraint.h; sourceTree = "<group>"; };
		18F476621C8FA97200EDA50A /* MASConstraint.m */ = {isa = PBXFileReference; fileEncoding = 4; lastKnownFileType = sourcecode.c.objc; path = MASConstraint.m; sourceTree = "<group>"; };
		18F476631C8FA97200EDA50A /* MASConstraintMaker.h */ = {isa = PBXFileReference; fileEncoding = 4; lastKnownFileType = sourcecode.c.h; path = MASConstraintMaker.h; sourceTree = "<group>"; };
		18F476641C8FA97200EDA50A /* MASConstraintMaker.m */ = {isa = PBXFileReference; fileEncoding = 4; lastKnownFileType = sourcecode.c.objc; path = MASConstraintMaker.m; sourceTree = "<group>"; };
		18F476651C8FA97200EDA50A /* MASLayoutConstraint.h */ = {isa = PBXFileReference; fileEncoding = 4; lastKnownFileType = sourcecode.c.h; path = MASLayoutConstraint.h; sourceTree = "<group>"; };
		18F476661C8FA97200EDA50A /* MASLayoutConstraint.m */ = {isa = PBXFileReference; fileEncoding = 4; lastKnownFileType = sourcecode.c.objc; path = MASLayoutConstraint.m; sourceTree = "<group>"; };
		18F476671C8FA97200EDA50A /* Masonry.h */ = {isa = PBXFileReference; fileEncoding = 4; lastKnownFileType = sourcecode.c.h; path = Masonry.h; sourceTree = "<group>"; };
		18F476681C8FA97200EDA50A /* MASUtilities.h */ = {isa = PBXFileReference; fileEncoding = 4; lastKnownFileType = sourcecode.c.h; path = MASUtilities.h; sourceTree = "<group>"; };
		18F476691C8FA97200EDA50A /* MASViewAttribute.h */ = {isa = PBXFileReference; fileEncoding = 4; lastKnownFileType = sourcecode.c.h; path = MASViewAttribute.h; sourceTree = "<group>"; };
		18F4766A1C8FA97200EDA50A /* MASViewAttribute.m */ = {isa = PBXFileReference; fileEncoding = 4; lastKnownFileType = sourcecode.c.objc; path = MASViewAttribute.m; sourceTree = "<group>"; };
		18F4766B1C8FA97200EDA50A /* MASViewConstraint.h */ = {isa = PBXFileReference; fileEncoding = 4; lastKnownFileType = sourcecode.c.h; path = MASViewConstraint.h; sourceTree = "<group>"; };
		18F4766C1C8FA97200EDA50A /* MASViewConstraint.m */ = {isa = PBXFileReference; fileEncoding = 4; lastKnownFileType = sourcecode.c.objc; path = MASViewConstraint.m; sourceTree = "<group>"; };
		18F4766D1C8FA97200EDA50A /* NSArray+MASAdditions.h */ = {isa = PBXFileReference; fileEncoding = 4; lastKnownFileType = sourcecode.c.h; path = "NSArray+MASAdditions.h"; sourceTree = "<group>"; };
		18F4766E1C8FA97200EDA50A /* NSArray+MASAdditions.m */ = {isa = PBXFileReference; fileEncoding = 4; lastKnownFileType = sourcecode.c.objc; path = "NSArray+MASAdditions.m"; sourceTree = "<group>"; };
		18F4766F1C8FA97200EDA50A /* NSArray+MASShorthandAdditions.h */ = {isa = PBXFileReference; fileEncoding = 4; lastKnownFileType = sourcecode.c.h; path = "NSArray+MASShorthandAdditions.h"; sourceTree = "<group>"; };
		18F476701C8FA97200EDA50A /* NSLayoutConstraint+MASDebugAdditions.h */ = {isa = PBXFileReference; fileEncoding = 4; lastKnownFileType = sourcecode.c.h; path = "NSLayoutConstraint+MASDebugAdditions.h"; sourceTree = "<group>"; };
		18F476711C8FA97200EDA50A /* NSLayoutConstraint+MASDebugAdditions.m */ = {isa = PBXFileReference; fileEncoding = 4; lastKnownFileType = sourcecode.c.objc; path = "NSLayoutConstraint+MASDebugAdditions.m"; sourceTree = "<group>"; };
		18F476721C8FA97200EDA50A /* View+MASAdditions.h */ = {isa = PBXFileReference; fileEncoding = 4; lastKnownFileType = sourcecode.c.h; path = "View+MASAdditions.h"; sourceTree = "<group>"; };
		18F476731C8FA97200EDA50A /* View+MASAdditions.m */ = {isa = PBXFileReference; fileEncoding = 4; lastKnownFileType = sourcecode.c.objc; path = "View+MASAdditions.m"; sourceTree = "<group>"; };
		18F476741C8FA97200EDA50A /* View+MASShorthandAdditions.h */ = {isa = PBXFileReference; fileEncoding = 4; lastKnownFileType = sourcecode.c.h; path = "View+MASShorthandAdditions.h"; sourceTree = "<group>"; };
		18F476751C8FA97200EDA50A /* ViewController+MASAdditions.h */ = {isa = PBXFileReference; fileEncoding = 4; lastKnownFileType = sourcecode.c.h; path = "ViewController+MASAdditions.h"; sourceTree = "<group>"; };
		18F476761C8FA97200EDA50A /* ViewController+MASAdditions.m */ = {isa = PBXFileReference; fileEncoding = 4; lastKnownFileType = sourcecode.c.objc; path = "ViewController+MASAdditions.m"; sourceTree = "<group>"; };
		18F476811C90014300EDA50A /* YQWelcomeController.h */ = {isa = PBXFileReference; fileEncoding = 4; lastKnownFileType = sourcecode.c.h; path = YQWelcomeController.h; sourceTree = "<group>"; };
		18F476821C90014300EDA50A /* YQWelcomeController.m */ = {isa = PBXFileReference; fileEncoding = 4; lastKnownFileType = sourcecode.c.objc; path = YQWelcomeController.m; sourceTree = "<group>"; };
		18FC33481C92A592005E3154 /* YQOauthController.h */ = {isa = PBXFileReference; fileEncoding = 4; lastKnownFileType = sourcecode.c.h; path = YQOauthController.h; sourceTree = "<group>"; };
		18FC33491C92A592005E3154 /* YQOauthController.m */ = {isa = PBXFileReference; fileEncoding = 4; lastKnownFileType = sourcecode.c.objc; path = YQOauthController.m; sourceTree = "<group>"; };
		18FC334E1C92A8F0005E3154 /* MBProgressHUD+MJ.h */ = {isa = PBXFileReference; fileEncoding = 4; lastKnownFileType = sourcecode.c.h; path = "MBProgressHUD+MJ.h"; sourceTree = "<group>"; };
		18FC334F1C92A8F0005E3154 /* MBProgressHUD+MJ.m */ = {isa = PBXFileReference; fileEncoding = 4; lastKnownFileType = sourcecode.c.objc; path = "MBProgressHUD+MJ.m"; sourceTree = "<group>"; };
		18FC33501C92A8F0005E3154 /* MBProgressHUD.bundle */ = {isa = PBXFileReference; lastKnownFileType = "wrapper.plug-in"; path = MBProgressHUD.bundle; sourceTree = "<group>"; };
		18FC33511C92A8F0005E3154 /* MBProgressHUD.h */ = {isa = PBXFileReference; fileEncoding = 4; lastKnownFileType = sourcecode.c.h; path = MBProgressHUD.h; sourceTree = "<group>"; };
		18FC33521C92A8F0005E3154 /* MBProgressHUD.m */ = {isa = PBXFileReference; fileEncoding = 4; lastKnownFileType = sourcecode.c.objc; path = MBProgressHUD.m; sourceTree = "<group>"; };
		18FC33571C92B297005E3154 /* AFHTTPRequestOperation.h */ = {isa = PBXFileReference; fileEncoding = 4; lastKnownFileType = sourcecode.c.h; path = AFHTTPRequestOperation.h; sourceTree = "<group>"; };
		18FC33581C92B297005E3154 /* AFHTTPRequestOperation.m */ = {isa = PBXFileReference; fileEncoding = 4; lastKnownFileType = sourcecode.c.objc; path = AFHTTPRequestOperation.m; sourceTree = "<group>"; };
		18FC33591C92B297005E3154 /* AFHTTPRequestOperationManager.h */ = {isa = PBXFileReference; fileEncoding = 4; lastKnownFileType = sourcecode.c.h; path = AFHTTPRequestOperationManager.h; sourceTree = "<group>"; };
		18FC335A1C92B297005E3154 /* AFHTTPRequestOperationManager.m */ = {isa = PBXFileReference; fileEncoding = 4; lastKnownFileType = sourcecode.c.objc; path = AFHTTPRequestOperationManager.m; sourceTree = "<group>"; };
		18FC335B1C92B297005E3154 /* AFHTTPSessionManager.h */ = {isa = PBXFileReference; fileEncoding = 4; lastKnownFileType = sourcecode.c.h; path = AFHTTPSessionManager.h; sourceTree = "<group>"; };
		18FC335C1C92B297005E3154 /* AFHTTPSessionManager.m */ = {isa = PBXFileReference; fileEncoding = 4; lastKnownFileType = sourcecode.c.objc; path = AFHTTPSessionManager.m; sourceTree = "<group>"; };
		18FC335D1C92B297005E3154 /* AFNetworking.h */ = {isa = PBXFileReference; fileEncoding = 4; lastKnownFileType = sourcecode.c.h; path = AFNetworking.h; sourceTree = "<group>"; };
		18FC335E1C92B297005E3154 /* AFNetworkReachabilityManager.h */ = {isa = PBXFileReference; fileEncoding = 4; lastKnownFileType = sourcecode.c.h; path = AFNetworkReachabilityManager.h; sourceTree = "<group>"; };
		18FC335F1C92B297005E3154 /* AFNetworkReachabilityManager.m */ = {isa = PBXFileReference; fileEncoding = 4; lastKnownFileType = sourcecode.c.objc; path = AFNetworkReachabilityManager.m; sourceTree = "<group>"; };
		18FC33601C92B297005E3154 /* AFSecurityPolicy.h */ = {isa = PBXFileReference; fileEncoding = 4; lastKnownFileType = sourcecode.c.h; path = AFSecurityPolicy.h; sourceTree = "<group>"; };
		18FC33611C92B297005E3154 /* AFSecurityPolicy.m */ = {isa = PBXFileReference; fileEncoding = 4; lastKnownFileType = sourcecode.c.objc; path = AFSecurityPolicy.m; sourceTree = "<group>"; };
		18FC33621C92B297005E3154 /* AFURLConnectionOperation.h */ = {isa = PBXFileReference; fileEncoding = 4; lastKnownFileType = sourcecode.c.h; path = AFURLConnectionOperation.h; sourceTree = "<group>"; };
		18FC33631C92B297005E3154 /* AFURLConnectionOperation.m */ = {isa = PBXFileReference; fileEncoding = 4; lastKnownFileType = sourcecode.c.objc; path = AFURLConnectionOperation.m; sourceTree = "<group>"; };
		18FC33641C92B297005E3154 /* AFURLRequestSerialization.h */ = {isa = PBXFileReference; fileEncoding = 4; lastKnownFileType = sourcecode.c.h; path = AFURLRequestSerialization.h; sourceTree = "<group>"; };
		18FC33651C92B297005E3154 /* AFURLRequestSerialization.m */ = {isa = PBXFileReference; fileEncoding = 4; lastKnownFileType = sourcecode.c.objc; path = AFURLRequestSerialization.m; sourceTree = "<group>"; };
		18FC33661C92B297005E3154 /* AFURLResponseSerialization.h */ = {isa = PBXFileReference; fileEncoding = 4; lastKnownFileType = sourcecode.c.h; path = AFURLResponseSerialization.h; sourceTree = "<group>"; };
		18FC33671C92B297005E3154 /* AFURLResponseSerialization.m */ = {isa = PBXFileReference; fileEncoding = 4; lastKnownFileType = sourcecode.c.objc; path = AFURLResponseSerialization.m; sourceTree = "<group>"; };
		18FC33681C92B297005E3154 /* AFURLSessionManager.h */ = {isa = PBXFileReference; fileEncoding = 4; lastKnownFileType = sourcecode.c.h; path = AFURLSessionManager.h; sourceTree = "<group>"; };
		18FC33691C92B297005E3154 /* AFURLSessionManager.m */ = {isa = PBXFileReference; fileEncoding = 4; lastKnownFileType = sourcecode.c.objc; path = AFURLSessionManager.m; sourceTree = "<group>"; };
/* End PBXFileReference section */

/* Begin PBXFrameworksBuildPhase section */
		18BB96361C75F49000F521B9 /* Frameworks */ = {
			isa = PBXFrameworksBuildPhase;
			buildActionMask = 2147483647;
			files = (
			);
			runOnlyForDeploymentPostprocessing = 0;
		};
		18BB964F1C75F49100F521B9 /* Frameworks */ = {
			isa = PBXFrameworksBuildPhase;
			buildActionMask = 2147483647;
			files = (
			);
			runOnlyForDeploymentPostprocessing = 0;
		};
		18BB965A1C75F49100F521B9 /* Frameworks */ = {
			isa = PBXFrameworksBuildPhase;
			buildActionMask = 2147483647;
			files = (
			);
			runOnlyForDeploymentPostprocessing = 0;
		};
/* End PBXFrameworksBuildPhase section */

/* Begin PBXGroup section */
		18BB96301C75F49000F521B9 = {
			isa = PBXGroup;
			children = (
				18BB963B1C75F49000F521B9 /* sinaWeibo8 */,
				18BB96551C75F49100F521B9 /* sinaWeibo8Tests */,
				18BB96601C75F49100F521B9 /* sinaWeibo8UITests */,
				18BB963A1C75F49000F521B9 /* Products */,
			);
			sourceTree = "<group>";
		};
		18BB963A1C75F49000F521B9 /* Products */ = {
			isa = PBXGroup;
			children = (
				18BB96391C75F49000F521B9 /* sinaWeibo8.app */,
				18BB96521C75F49100F521B9 /* sinaWeibo8Tests.xctest */,
				18BB965D1C75F49100F521B9 /* sinaWeibo8UITests.xctest */,
			);
			name = Products;
			sourceTree = "<group>";
		};
		18BB963B1C75F49000F521B9 /* sinaWeibo8 */ = {
			isa = PBXGroup;
			children = (
				18BB966F1C75F98F00F521B9 /* AppDelegate.h */,
				18BB96701C75F98F00F521B9 /* AppDelegate.m */,
				18F4765C1C8FA95700EDA50A /* Lib */,
				18BB96721C75FA3200F521B9 /* Classes */,
				18BB96481C75F49000F521B9 /* Assets.xcassets */,
				18BB964A1C75F49000F521B9 /* LaunchScreen.storyboard */,
				18BB964D1C75F49000F521B9 /* Info.plist */,
				18BB963C1C75F49000F521B9 /* Supporting Files */,
			);
			path = sinaWeibo8;
			sourceTree = "<group>";
		};
		18BB963C1C75F49000F521B9 /* Supporting Files */ = {
			isa = PBXGroup;
			children = (
				18BB963D1C75F49000F521B9 /* main.m */,
			);
			name = "Supporting Files";
			sourceTree = "<group>";
		};
		18BB96551C75F49100F521B9 /* sinaWeibo8Tests */ = {
			isa = PBXGroup;
			children = (
				18BB96561C75F49100F521B9 /* sinaWeibo8Tests.m */,
				18BB96581C75F49100F521B9 /* Info.plist */,
			);
			path = sinaWeibo8Tests;
			sourceTree = "<group>";
		};
		18BB96601C75F49100F521B9 /* sinaWeibo8UITests */ = {
			isa = PBXGroup;
			children = (
				18BB96611C75F49100F521B9 /* sinaWeibo8UITests.m */,
				18BB96631C75F49100F521B9 /* Info.plist */,
			);
			path = sinaWeibo8UITests;
			sourceTree = "<group>";
		};
		18BB96721C75FA3200F521B9 /* Classes */ = {
			isa = PBXGroup;
			children = (
				18FC33461C92A592005E3154 /* Oauth */,
				18F476521C8F2B3F00EDA50A /* NewFeature(新特性) */,
				18BB96731C75FA3200F521B9 /* Discover(发现) */,
				18BB96771C75FA3200F521B9 /* Home(首页) */,
				18BB967B1C75FA3200F521B9 /* Main(主框架) */,
				18BB967F1C75FA3200F521B9 /* Message(消息) */,
				18BB96831C75FA3200F521B9 /* Other */,
				18BB96851C75FA3200F521B9 /* Profile(我) */,
			);
			path = Classes;
			sourceTree = "<group>";
		};
		18BB96731C75FA3200F521B9 /* Discover(发现) */ = {
			isa = PBXGroup;
			children = (
				18BB96741C75FA3200F521B9 /* Controller */,
				18BB96751C75FA3200F521B9 /* Model */,
				18BB96761C75FA3200F521B9 /* View */,
			);
			path = "Discover(发现)";
			sourceTree = "<group>";
		};
		18BB96741C75FA3200F521B9 /* Controller */ = {
			isa = PBXGroup;
			children = (
				18BB969B1C75FB6E00F521B9 /* YQDiscoverViewController.h */,
				18BB969C1C75FB6E00F521B9 /* YQDiscoverViewController.m */,
			);
			path = Controller;
			sourceTree = "<group>";
		};
		18BB96751C75FA3200F521B9 /* Model */ = {
			isa = PBXGroup;
			children = (
			);
			path = Model;
			sourceTree = "<group>";
		};
		18BB96761C75FA3200F521B9 /* View */ = {
			isa = PBXGroup;
			children = (
				18F4764C1C8EE39B00EDA50A /* YQSearch.h */,
				18F4764D1C8EE39B00EDA50A /* YQSearch.m */,
			);
			path = View;
			sourceTree = "<group>";
		};
		18BB96771C75FA3200F521B9 /* Home(首页) */ = {
			isa = PBXGroup;
			children = (
				18BB96781C75FA3200F521B9 /* Controller */,
				18BB96791C75FA3200F521B9 /* Model */,
				18BB967A1C75FA3200F521B9 /* View */,
			);
			path = "Home(首页)";
			sourceTree = "<group>";
		};
		18BB96781C75FA3200F521B9 /* Controller */ = {
			isa = PBXGroup;
			children = (
				18BB969E1C75FB7A00F521B9 /* YQHomeViewController.h */,
				18BB969F1C75FB7A00F521B9 /* YQHomeViewController.m */,
				18E8F0381C8EACF7008AEA71 /* YQOneViewController.h */,
				18E8F0391C8EACF7008AEA71 /* YQOneViewController.m */,
			);
			path = Controller;
			sourceTree = "<group>";
		};
		18BB96791C75FA3200F521B9 /* Model */ = {
			isa = PBXGroup;
			children = (
			);
			path = Model;
			sourceTree = "<group>";
		};
		18BB967A1C75FA3200F521B9 /* View */ = {
			isa = PBXGroup;
			children = (
				18BB96B41C77063800F521B9 /* YQPopMenu.h */,
				18BB96B51C77063800F521B9 /* YQPopMenu.m */,
				18BB96AB1C761A6F00F521B9 /* YQTitleButton.h */,
				18BB96AC1C761A6F00F521B9 /* YQTitleButton.m */,
				18BB96B11C7705DB00F521B9 /* YQCoverView.h */,
				18BB96B21C7705DB00F521B9 /* YQCoverView.m */,
			);
			path = View;
			sourceTree = "<group>";
		};
		18BB967B1C75FA3200F521B9 /* Main(主框架) */ = {
			isa = PBXGroup;
			children = (
				18BB967C1C75FA3200F521B9 /* Controller */,
				18BB967D1C75FA3200F521B9 /* Model */,
				18BB967E1C75FA3200F521B9 /* View */,
			);
			name = "Main(主框架)";
			path = Main;
			sourceTree = "<group>";
		};
		18BB967C1C75FA3200F521B9 /* Controller */ = {
			isa = PBXGroup;
			children = (
				18BB968F1C75FA8900F521B9 /* YQTabBarController.h */,
				18BB96901C75FA8900F521B9 /* YQTabBarController.m */,
				18F476461C8ED97700EDA50A /* YQNavigationController.h */,
				18F476471C8ED97700EDA50A /* YQNavigationController.m */,
			);
			path = Controller;
			sourceTree = "<group>";
		};
		18BB967D1C75FA3200F521B9 /* Model */ = {
			isa = PBXGroup;
			children = (
			);
			path = Model;
			sourceTree = "<group>";
		};
		18BB967E1C75FA3200F521B9 /* View */ = {
			isa = PBXGroup;
			children = (
				18BB96981C75FAAB00F521B9 /* YQBadgeView.h */,
				18BB96991C75FAAB00F521B9 /* YQBadgeView.m */,
				18BB96921C75FA9A00F521B9 /* YQTabBar.h */,
				18BB96931C75FA9A00F521B9 /* YQTabBar.m */,
				18BB96941C75FA9A00F521B9 /* YQTabBarButton.h */,
				18BB96951C75FA9A00F521B9 /* YQTabBarButton.m */,
			);
			path = View;
			sourceTree = "<group>";
		};
		18BB967F1C75FA3200F521B9 /* Message(消息) */ = {
			isa = PBXGroup;
			children = (
				18BB96801C75FA3200F521B9 /* Controller */,
				18BB96811C75FA3200F521B9 /* Model */,
				18BB96821C75FA3200F521B9 /* View */,
			);
			path = "Message(消息)";
			sourceTree = "<group>";
		};
		18BB96801C75FA3200F521B9 /* Controller */ = {
			isa = PBXGroup;
			children = (
				18BB96A11C75FB8E00F521B9 /* YQMessageViewController.h */,
				18BB96A21C75FB8E00F521B9 /* YQMessageViewController.m */,
			);
			path = Controller;
			sourceTree = "<group>";
		};
		18BB96811C75FA3200F521B9 /* Model */ = {
			isa = PBXGroup;
			children = (
			);
			path = Model;
			sourceTree = "<group>";
		};
		18BB96821C75FA3200F521B9 /* View */ = {
			isa = PBXGroup;
			children = (
			);
			path = View;
			sourceTree = "<group>";
		};
		18BB96831C75FA3200F521B9 /* Other */ = {
			isa = PBXGroup;
			children = (
				18BB96A71C75FBD900F521B9 /* sinaWeibo.pch */,
				18BB96841C75FA3200F521B9 /* Category */,
			);
			path = Other;
			sourceTree = "<group>";
		};
		18BB96841C75FA3200F521B9 /* Category */ = {
			isa = PBXGroup;
			children = (
				18BB96891C75FA5200F521B9 /* UIImage+YQImage.h */,
				18BB968A1C75FA5200F521B9 /* UIImage+YQImage.m */,
				18BB968B1C75FA5200F521B9 /* UIView+ZUtility.h */,
				18BB968C1C75FA5200F521B9 /* UIView+ZUtility.m */,
				18BB96A81C760ED300F521B9 /* UIBarButtonItem+item.h */,
				18BB96A91C760ED300F521B9 /* UIBarButtonItem+item.m */,
			);
			path = Category;
			sourceTree = "<group>";
		};
		18BB96851C75FA3200F521B9 /* Profile(我) */ = {
			isa = PBXGroup;
			children = (
				18BB96861C75FA3200F521B9 /* Controller */,
				18BB96871C75FA3200F521B9 /* Model */,
				18BB96881C75FA3200F521B9 /* View */,
			);
			path = "Profile(我)";
			sourceTree = "<group>";
		};
		18BB96861C75FA3200F521B9 /* Controller */ = {
			isa = PBXGroup;
			children = (
				18BB96A41C75FB9D00F521B9 /* YQProfileViewController.h */,
				18BB96A51C75FB9D00F521B9 /* YQProfileViewController.m */,
				18F4764F1C8F11D300EDA50A /* YQSettingController.h */,
				18F476501C8F11D300EDA50A /* YQSettingController.m */,
			);
			path = Controller;
			sourceTree = "<group>";
		};
		18BB96871C75FA3200F521B9 /* Model */ = {
			isa = PBXGroup;
			children = (
			);
			path = Model;
			sourceTree = "<group>";
		};
		18BB96881C75FA3200F521B9 /* View */ = {
			isa = PBXGroup;
			children = (
			);
			path = View;
			sourceTree = "<group>";
		};
		18F476521C8F2B3F00EDA50A /* NewFeature(新特性) */ = {
			isa = PBXGroup;
			children = (
				18F476531C8F2B8000EDA50A /* Controller */,
				18F476541C8F2B8000EDA50A /* Model */,
				18F476551C8F2B8000EDA50A /* View */,
			);
			name = "NewFeature(新特性)";
			path = NewFeature;
			sourceTree = "<group>";
		};
		18F476531C8F2B8000EDA50A /* Controller */ = {
			isa = PBXGroup;
			children = (
				18F476561C8F2BB500EDA50A /* YQNewFeatureController.h */,
				18F476571C8F2BB500EDA50A /* YQNewFeatureController.m */,
				18F476811C90014300EDA50A /* YQWelcomeController.h */,
				18F476821C90014300EDA50A /* YQWelcomeController.m */,
			);
			path = Controller;
			sourceTree = "<group>";
		};
		18F476541C8F2B8000EDA50A /* Model */ = {
			isa = PBXGroup;
			children = (
			);
			path = Model;
			sourceTree = "<group>";
		};
		18F476551C8F2B8000EDA50A /* View */ = {
			isa = PBXGroup;
			children = (
				18F476591C8FA39000EDA50A /* YQNewFeatureCell.h */,
				18F4765A1C8FA39000EDA50A /* YQNewFeatureCell.m */,
			);
			path = View;
			sourceTree = "<group>";
		};
		18F4765C1C8FA95700EDA50A /* Lib */ = {
			isa = PBXGroup;
			children = (
				18FC33561C92B297005E3154 /* AFNetworking */,
				18FC334D1C92A8F0005E3154 /* MBProgressHUD */,
				18F4765D1C8FA97200EDA50A /* Masonry */,
			);
			path = Lib;
			sourceTree = "<group>";
		};
		18F4765D1C8FA97200EDA50A /* Masonry */ = {
			isa = PBXGroup;
			children = (
				18F4765E1C8FA97200EDA50A /* MASCompositeConstraint.h */,
				18F4765F1C8FA97200EDA50A /* MASCompositeConstraint.m */,
				18F476601C8FA97200EDA50A /* MASConstraint+Private.h */,
				18F476611C8FA97200EDA50A /* MASConstraint.h */,
				18F476621C8FA97200EDA50A /* MASConstraint.m */,
				18F476631C8FA97200EDA50A /* MASConstraintMaker.h */,
				18F476641C8FA97200EDA50A /* MASConstraintMaker.m */,
				18F476651C8FA97200EDA50A /* MASLayoutConstraint.h */,
				18F476661C8FA97200EDA50A /* MASLayoutConstraint.m */,
				18F476671C8FA97200EDA50A /* Masonry.h */,
				18F476681C8FA97200EDA50A /* MASUtilities.h */,
				18F476691C8FA97200EDA50A /* MASViewAttribute.h */,
				18F4766A1C8FA97200EDA50A /* MASViewAttribute.m */,
				18F4766B1C8FA97200EDA50A /* MASViewConstraint.h */,
				18F4766C1C8FA97200EDA50A /* MASViewConstraint.m */,
				18F4766D1C8FA97200EDA50A /* NSArray+MASAdditions.h */,
				18F4766E1C8FA97200EDA50A /* NSArray+MASAdditions.m */,
				18F4766F1C8FA97200EDA50A /* NSArray+MASShorthandAdditions.h */,
				18F476701C8FA97200EDA50A /* NSLayoutConstraint+MASDebugAdditions.h */,
				18F476711C8FA97200EDA50A /* NSLayoutConstraint+MASDebugAdditions.m */,
				18F476721C8FA97200EDA50A /* View+MASAdditions.h */,
				18F476731C8FA97200EDA50A /* View+MASAdditions.m */,
				18F476741C8FA97200EDA50A /* View+MASShorthandAdditions.h */,
				18F476751C8FA97200EDA50A /* ViewController+MASAdditions.h */,
				18F476761C8FA97200EDA50A /* ViewController+MASAdditions.m */,
			);
			path = Masonry;
			sourceTree = "<group>";
		};
		18FC33461C92A592005E3154 /* Oauth */ = {
			isa = PBXGroup;
			children = (
				18FC33471C92A592005E3154 /* Controller */,
				18FC334A1C92A592005E3154 /* Model */,
				18FC334B1C92A592005E3154 /* View */,
			);
			path = Oauth;
			sourceTree = "<group>";
		};
		18FC33471C92A592005E3154 /* Controller */ = {
			isa = PBXGroup;
			children = (
				18FC33481C92A592005E3154 /* YQOauthController.h */,
				18FC33491C92A592005E3154 /* YQOauthController.m */,
			);
			path = Controller;
			sourceTree = "<group>";
		};
		18FC334A1C92A592005E3154 /* Model */ = {
			isa = PBXGroup;
			children = (
			);
			path = Model;
			sourceTree = "<group>";
		};
		18FC334B1C92A592005E3154 /* View */ = {
			isa = PBXGroup;
			children = (
			);
			path = View;
			sourceTree = "<group>";
		};
		18FC334D1C92A8F0005E3154 /* MBProgressHUD */ = {
			isa = PBXGroup;
			children = (
				18FC334E1C92A8F0005E3154 /* MBProgressHUD+MJ.h */,
				18FC334F1C92A8F0005E3154 /* MBProgressHUD+MJ.m */,
				18FC33501C92A8F0005E3154 /* MBProgressHUD.bundle */,
				18FC33511C92A8F0005E3154 /* MBProgressHUD.h */,
				18FC33521C92A8F0005E3154 /* MBProgressHUD.m */,
			);
			path = MBProgressHUD;
			sourceTree = "<group>";
		};
		18FC33561C92B297005E3154 /* AFNetworking */ = {
			isa = PBXGroup;
			children = (
				18FC33571C92B297005E3154 /* AFHTTPRequestOperation.h */,
				18FC33581C92B297005E3154 /* AFHTTPRequestOperation.m */,
				18FC33591C92B297005E3154 /* AFHTTPRequestOperationManager.h */,
				18FC335A1C92B297005E3154 /* AFHTTPRequestOperationManager.m */,
				18FC335B1C92B297005E3154 /* AFHTTPSessionManager.h */,
				18FC335C1C92B297005E3154 /* AFHTTPSessionManager.m */,
				18FC335D1C92B297005E3154 /* AFNetworking.h */,
				18FC335E1C92B297005E3154 /* AFNetworkReachabilityManager.h */,
				18FC335F1C92B297005E3154 /* AFNetworkReachabilityManager.m */,
				18FC33601C92B297005E3154 /* AFSecurityPolicy.h */,
				18FC33611C92B297005E3154 /* AFSecurityPolicy.m */,
				18FC33621C92B297005E3154 /* AFURLConnectionOperation.h */,
				18FC33631C92B297005E3154 /* AFURLConnectionOperation.m */,
				18FC33641C92B297005E3154 /* AFURLRequestSerialization.h */,
				18FC33651C92B297005E3154 /* AFURLRequestSerialization.m */,
				18FC33661C92B297005E3154 /* AFURLResponseSerialization.h */,
				18FC33671C92B297005E3154 /* AFURLResponseSerialization.m */,
				18FC33681C92B297005E3154 /* AFURLSessionManager.h */,
				18FC33691C92B297005E3154 /* AFURLSessionManager.m */,
			);
			path = AFNetworking;
			sourceTree = "<group>";
		};
/* End PBXGroup section */

/* Begin PBXNativeTarget section */
		18BB96381C75F49000F521B9 /* sinaWeibo8 */ = {
			isa = PBXNativeTarget;
			buildConfigurationList = 18BB96661C75F49100F521B9 /* Build configuration list for PBXNativeTarget "sinaWeibo8" */;
			buildPhases = (
				18BB96351C75F49000F521B9 /* Sources */,
				18BB96361C75F49000F521B9 /* Frameworks */,
				18BB96371C75F49000F521B9 /* Resources */,
			);
			buildRules = (
			);
			dependencies = (
			);
			name = sinaWeibo8;
			productName = sinaWeibo8;
			productReference = 18BB96391C75F49000F521B9 /* sinaWeibo8.app */;
			productType = "com.apple.product-type.application";
		};
		18BB96511C75F49100F521B9 /* sinaWeibo8Tests */ = {
			isa = PBXNativeTarget;
			buildConfigurationList = 18BB96691C75F49100F521B9 /* Build configuration list for PBXNativeTarget "sinaWeibo8Tests" */;
			buildPhases = (
				18BB964E1C75F49100F521B9 /* Sources */,
				18BB964F1C75F49100F521B9 /* Frameworks */,
				18BB96501C75F49100F521B9 /* Resources */,
			);
			buildRules = (
			);
			dependencies = (
				18BB96541C75F49100F521B9 /* PBXTargetDependency */,
			);
			name = sinaWeibo8Tests;
			productName = sinaWeibo8Tests;
			productReference = 18BB96521C75F49100F521B9 /* sinaWeibo8Tests.xctest */;
			productType = "com.apple.product-type.bundle.unit-test";
		};
		18BB965C1C75F49100F521B9 /* sinaWeibo8UITests */ = {
			isa = PBXNativeTarget;
			buildConfigurationList = 18BB966C1C75F49100F521B9 /* Build configuration list for PBXNativeTarget "sinaWeibo8UITests" */;
			buildPhases = (
				18BB96591C75F49100F521B9 /* Sources */,
				18BB965A1C75F49100F521B9 /* Frameworks */,
				18BB965B1C75F49100F521B9 /* Resources */,
			);
			buildRules = (
			);
			dependencies = (
				18BB965F1C75F49100F521B9 /* PBXTargetDependency */,
			);
			name = sinaWeibo8UITests;
			productName = sinaWeibo8UITests;
			productReference = 18BB965D1C75F49100F521B9 /* sinaWeibo8UITests.xctest */;
			productType = "com.apple.product-type.bundle.ui-testing";
		};
/* End PBXNativeTarget section */

/* Begin PBXProject section */
		18BB96311C75F49000F521B9 /* Project object */ = {
			isa = PBXProject;
			attributes = {
				CLASSPREFIX = YQ;
				LastUpgradeCheck = 0720;
				ORGANIZATIONNAME = "Qifeng Yan";
				TargetAttributes = {
					18BB96381C75F49000F521B9 = {
						CreatedOnToolsVersion = 7.2.1;
						DevelopmentTeam = DLCBJ26YP5;
					};
					18BB96511C75F49100F521B9 = {
						CreatedOnToolsVersion = 7.2.1;
						DevelopmentTeam = DLCBJ26YP5;
						TestTargetID = 18BB96381C75F49000F521B9;
					};
					18BB965C1C75F49100F521B9 = {
						CreatedOnToolsVersion = 7.2.1;
						DevelopmentTeam = DLCBJ26YP5;
						TestTargetID = 18BB96381C75F49000F521B9;
					};
				};
			};
			buildConfigurationList = 18BB96341C75F49000F521B9 /* Build configuration list for PBXProject "sinaWeibo8" */;
			compatibilityVersion = "Xcode 3.2";
			developmentRegion = English;
			hasScannedForEncodings = 0;
			knownRegions = (
				en,
				Base,
			);
			mainGroup = 18BB96301C75F49000F521B9;
			productRefGroup = 18BB963A1C75F49000F521B9 /* Products */;
			projectDirPath = "";
			projectRoot = "";
			targets = (
				18BB96381C75F49000F521B9 /* sinaWeibo8 */,
				18BB96511C75F49100F521B9 /* sinaWeibo8Tests */,
				18BB965C1C75F49100F521B9 /* sinaWeibo8UITests */,
			);
		};
/* End PBXProject section */

/* Begin PBXResourcesBuildPhase section */
		18BB96371C75F49000F521B9 /* Resources */ = {
			isa = PBXResourcesBuildPhase;
			buildActionMask = 2147483647;
			files = (
				18BB964C1C75F49000F521B9 /* LaunchScreen.storyboard in Resources */,
				18BB96491C75F49000F521B9 /* Assets.xcassets in Resources */,
				18FC33541C92A8F0005E3154 /* MBProgressHUD.bundle in Resources */,
			);
			runOnlyForDeploymentPostprocessing = 0;
		};
		18BB96501C75F49100F521B9 /* Resources */ = {
			isa = PBXResourcesBuildPhase;
			buildActionMask = 2147483647;
			files = (
			);
			runOnlyForDeploymentPostprocessing = 0;
		};
		18BB965B1C75F49100F521B9 /* Resources */ = {
			isa = PBXResourcesBuildPhase;
			buildActionMask = 2147483647;
			files = (
			);
			runOnlyForDeploymentPostprocessing = 0;
		};
/* End PBXResourcesBuildPhase section */

/* Begin PBXSourcesBuildPhase section */
		18BB96351C75F49000F521B9 /* Sources */ = {
			isa = PBXSourcesBuildPhase;
			buildActionMask = 2147483647;
			files = (
				18FC33721C92B297005E3154 /* AFURLSessionManager.m in Sources */,
				18FC336E1C92B297005E3154 /* AFSecurityPolicy.m in Sources */,
				18BB96AA1C760ED300F521B9 /* UIBarButtonItem+item.m in Sources */,
				18F476771C8FA97200EDA50A /* MASCompositeConstraint.m in Sources */,
				18F476801C8FA97200EDA50A /* ViewController+MASAdditions.m in Sources */,
				18F4767F1C8FA97200EDA50A /* View+MASAdditions.m in Sources */,
				18F476481C8ED97700EDA50A /* YQNavigationController.m in Sources */,
				18BB969A1C75FAAB00F521B9 /* YQBadgeView.m in Sources */,
				18BB96971C75FA9A00F521B9 /* YQTabBarButton.m in Sources */,
				18BB96A61C75FB9D00F521B9 /* YQProfileViewController.m in Sources */,
				18F4767A1C8FA97200EDA50A /* MASLayoutConstraint.m in Sources */,
				18FC336A1C92B297005E3154 /* AFHTTPRequestOperation.m in Sources */,
				18F4767D1C8FA97200EDA50A /* NSArray+MASAdditions.m in Sources */,
				18BB96B61C77063800F521B9 /* YQPopMenu.m in Sources */,
				18FC336C1C92B297005E3154 /* AFHTTPSessionManager.m in Sources */,
				18FC33531C92A8F0005E3154 /* MBProgressHUD+MJ.m in Sources */,
				18F476831C90014300EDA50A /* YQWelcomeController.m in Sources */,
				18BB96911C75FA8900F521B9 /* YQTabBarController.m in Sources */,
				18FC334C1C92A592005E3154 /* YQOauthController.m in Sources */,
				18F476781C8FA97200EDA50A /* MASConstraint.m in Sources */,
				18BB96A31C75FB8E00F521B9 /* YQMessageViewController.m in Sources */,
				18F4767C1C8FA97200EDA50A /* MASViewConstraint.m in Sources */,
				18BB96AD1C761A6F00F521B9 /* YQTitleButton.m in Sources */,
				18BB96A01C75FB7A00F521B9 /* YQHomeViewController.m in Sources */,
				18FC336D1C92B297005E3154 /* AFNetworkReachabilityManager.m in Sources */,
				18FC33701C92B297005E3154 /* AFURLRequestSerialization.m in Sources */,
				18BB968D1C75FA5200F521B9 /* UIImage+YQImage.m in Sources */,
				18FC33711C92B297005E3154 /* AFURLResponseSerialization.m in Sources */,
				18F4767B1C8FA97200EDA50A /* MASViewAttribute.m in Sources */,
				18F4765B1C8FA39000EDA50A /* YQNewFeatureCell.m in Sources */,
				18E8F03A1C8EACF7008AEA71 /* YQOneViewController.m in Sources */,
				18FC336F1C92B297005E3154 /* AFURLConnectionOperation.m in Sources */,
				18BB969D1C75FB6E00F521B9 /* YQDiscoverViewController.m in Sources */,
				18BB96711C75F98F00F521B9 /* AppDelegate.m in Sources */,
				18BB96B31C7705DB00F521B9 /* YQCoverView.m in Sources */,
				18F476581C8F2BB500EDA50A /* YQNewFeatureController.m in Sources */,
				18F4767E1C8FA97200EDA50A /* NSLayoutConstraint+MASDebugAdditions.m in Sources */,
				18BB968E1C75FA5200F521B9 /* UIView+ZUtility.m in Sources */,
				18F476511C8F11D300EDA50A /* YQSettingController.m in Sources */,
				18FC33551C92A8F0005E3154 /* MBProgressHUD.m in Sources */,
				18F476791C8FA97200EDA50A /* MASConstraintMaker.m in Sources */,
				18F4764E1C8EE39B00EDA50A /* YQSearch.m in Sources */,
				18BB963E1C75F49000F521B9 /* main.m in Sources */,
				18FC336B1C92B297005E3154 /* AFHTTPRequestOperationManager.m in Sources */,
				18BB96961C75FA9A00F521B9 /* YQTabBar.m in Sources */,
			);
			runOnlyForDeploymentPostprocessing = 0;
		};
		18BB964E1C75F49100F521B9 /* Sources */ = {
			isa = PBXSourcesBuildPhase;
			buildActionMask = 2147483647;
			files = (
				18BB96571C75F49100F521B9 /* sinaWeibo8Tests.m in Sources */,
			);
			runOnlyForDeploymentPostprocessing = 0;
		};
		18BB96591C75F49100F521B9 /* Sources */ = {
			isa = PBXSourcesBuildPhase;
			buildActionMask = 2147483647;
			files = (
				18BB96621C75F49100F521B9 /* sinaWeibo8UITests.m in Sources */,
			);
			runOnlyForDeploymentPostprocessing = 0;
		};
/* End PBXSourcesBuildPhase section */

/* Begin PBXTargetDependency section */
		18BB96541C75F49100F521B9 /* PBXTargetDependency */ = {
			isa = PBXTargetDependency;
			target = 18BB96381C75F49000F521B9 /* sinaWeibo8 */;
			targetProxy = 18BB96531C75F49100F521B9 /* PBXContainerItemProxy */;
		};
		18BB965F1C75F49100F521B9 /* PBXTargetDependency */ = {
			isa = PBXTargetDependency;
			target = 18BB96381C75F49000F521B9 /* sinaWeibo8 */;
			targetProxy = 18BB965E1C75F49100F521B9 /* PBXContainerItemProxy */;
		};
/* End PBXTargetDependency section */

/* Begin PBXVariantGroup section */
		18BB964A1C75F49000F521B9 /* LaunchScreen.storyboard */ = {
			isa = PBXVariantGroup;
			children = (
				18BB964B1C75F49000F521B9 /* Base */,
			);
			name = LaunchScreen.storyboard;
			sourceTree = "<group>";
		};
/* End PBXVariantGroup section */

/* Begin XCBuildConfiguration section */
		18BB96641C75F49100F521B9 /* Debug */ = {
			isa = XCBuildConfiguration;
			buildSettings = {
				ALWAYS_SEARCH_USER_PATHS = NO;
				CLANG_CXX_LANGUAGE_STANDARD = "gnu++0x";
				CLANG_CXX_LIBRARY = "libc++";
				CLANG_ENABLE_MODULES = YES;
				CLANG_ENABLE_OBJC_ARC = YES;
				CLANG_WARN_BOOL_CONVERSION = YES;
				CLANG_WARN_CONSTANT_CONVERSION = YES;
				CLANG_WARN_DIRECT_OBJC_ISA_USAGE = YES_ERROR;
				CLANG_WARN_EMPTY_BODY = YES;
				CLANG_WARN_ENUM_CONVERSION = YES;
				CLANG_WARN_INT_CONVERSION = YES;
				CLANG_WARN_OBJC_ROOT_CLASS = YES_ERROR;
				CLANG_WARN_UNREACHABLE_CODE = YES;
				CLANG_WARN__DUPLICATE_METHOD_MATCH = YES;
				"CODE_SIGN_IDENTITY[sdk=iphoneos*]" = "iPhone Developer";
				COPY_PHASE_STRIP = NO;
				DEBUG_INFORMATION_FORMAT = dwarf;
				ENABLE_STRICT_OBJC_MSGSEND = YES;
				ENABLE_TESTABILITY = YES;
				GCC_C_LANGUAGE_STANDARD = gnu99;
				GCC_DYNAMIC_NO_PIC = NO;
				GCC_NO_COMMON_BLOCKS = YES;
				GCC_OPTIMIZATION_LEVEL = 0;
				GCC_PREPROCESSOR_DEFINITIONS = (
					"DEBUG=1",
					"$(inherited)",
				);
				GCC_WARN_64_TO_32_BIT_CONVERSION = YES;
				GCC_WARN_ABOUT_RETURN_TYPE = YES_ERROR;
				GCC_WARN_UNDECLARED_SELECTOR = YES;
				GCC_WARN_UNINITIALIZED_AUTOS = YES_AGGRESSIVE;
				GCC_WARN_UNUSED_FUNCTION = YES;
				GCC_WARN_UNUSED_VARIABLE = YES;
				IPHONEOS_DEPLOYMENT_TARGET = 9.2;
				MTL_ENABLE_DEBUG_INFO = YES;
				ONLY_ACTIVE_ARCH = YES;
				SDKROOT = iphoneos;
			};
			name = Debug;
		};
		18BB96651C75F49100F521B9 /* Release */ = {
			isa = XCBuildConfiguration;
			buildSettings = {
				ALWAYS_SEARCH_USER_PATHS = NO;
				CLANG_CXX_LANGUAGE_STANDARD = "gnu++0x";
				CLANG_CXX_LIBRARY = "libc++";
				CLANG_ENABLE_MODULES = YES;
				CLANG_ENABLE_OBJC_ARC = YES;
				CLANG_WARN_BOOL_CONVERSION = YES;
				CLANG_WARN_CONSTANT_CONVERSION = YES;
				CLANG_WARN_DIRECT_OBJC_ISA_USAGE = YES_ERROR;
				CLANG_WARN_EMPTY_BODY = YES;
				CLANG_WARN_ENUM_CONVERSION = YES;
				CLANG_WARN_INT_CONVERSION = YES;
				CLANG_WARN_OBJC_ROOT_CLASS = YES_ERROR;
				CLANG_WARN_UNREACHABLE_CODE = YES;
				CLANG_WARN__DUPLICATE_METHOD_MATCH = YES;
				"CODE_SIGN_IDENTITY[sdk=iphoneos*]" = "iPhone Developer";
				COPY_PHASE_STRIP = NO;
				DEBUG_INFORMATION_FORMAT = "dwarf-with-dsym";
				ENABLE_NS_ASSERTIONS = NO;
				ENABLE_STRICT_OBJC_MSGSEND = YES;
				GCC_C_LANGUAGE_STANDARD = gnu99;
				GCC_NO_COMMON_BLOCKS = YES;
				GCC_WARN_64_TO_32_BIT_CONVERSION = YES;
				GCC_WARN_ABOUT_RETURN_TYPE = YES_ERROR;
				GCC_WARN_UNDECLARED_SELECTOR = YES;
				GCC_WARN_UNINITIALIZED_AUTOS = YES_AGGRESSIVE;
				GCC_WARN_UNUSED_FUNCTION = YES;
				GCC_WARN_UNUSED_VARIABLE = YES;
				IPHONEOS_DEPLOYMENT_TARGET = 9.2;
				MTL_ENABLE_DEBUG_INFO = NO;
				SDKROOT = iphoneos;
				VALIDATE_PRODUCT = YES;
			};
			name = Release;
		};
		18BB96671C75F49100F521B9 /* Debug */ = {
			isa = XCBuildConfiguration;
			buildSettings = {
				ASSETCATALOG_COMPILER_APPICON_NAME = AppIcon;
				ASSETCATALOG_COMPILER_LAUNCHIMAGE_NAME = "Brand Assets";
				GCC_PRECOMPILE_PREFIX_HEADER = YES;
				GCC_PREFIX_HEADER = $SRCROOT/$PROJECT/Classes/Other/sinaWeibo.pch;
				INFOPLIST_FILE = sinaWeibo8/Info.plist;
				IPHONEOS_DEPLOYMENT_TARGET = 7.0;
				LD_RUNPATH_SEARCH_PATHS = "$(inherited) @executable_path/Frameworks";
				PRODUCT_BUNDLE_IDENTIFIER = "com.Qifeng-Yan.sinaWeibo8";
				PRODUCT_NAME = "$(TARGET_NAME)";
			};
			name = Debug;
		};
		18BB96681C75F49100F521B9 /* Release */ = {
			isa = XCBuildConfiguration;
			buildSettings = {
				ASSETCATALOG_COMPILER_APPICON_NAME = AppIcon;
				ASSETCATALOG_COMPILER_LAUNCHIMAGE_NAME = "Brand Assets";
				GCC_PRECOMPILE_PREFIX_HEADER = YES;
				GCC_PREFIX_HEADER = $SRCROOT/$PROJECT/Classes/Other/sinaWeibo.pch;
				INFOPLIST_FILE = sinaWeibo8/Info.plist;
				IPHONEOS_DEPLOYMENT_TARGET = 7.0;
				LD_RUNPATH_SEARCH_PATHS = "$(inherited) @executable_path/Frameworks";
				PRODUCT_BUNDLE_IDENTIFIER = "com.Qifeng-Yan.sinaWeibo8";
				PRODUCT_NAME = "$(TARGET_NAME)";
			};
			name = Release;
		};
		18BB966A1C75F49100F521B9 /* Debug */ = {
			isa = XCBuildConfiguration;
			buildSettings = {
				BUNDLE_LOADER = "$(TEST_HOST)";
				INFOPLIST_FILE = sinaWeibo8Tests/Info.plist;
				LD_RUNPATH_SEARCH_PATHS = "$(inherited) @executable_path/Frameworks @loader_path/Frameworks";
				PRODUCT_BUNDLE_IDENTIFIER = "com.Qifeng-Yan.sinaWeibo8Tests";
				PRODUCT_NAME = "$(TARGET_NAME)";
				TEST_HOST = "$(BUILT_PRODUCTS_DIR)/sinaWeibo8.app/sinaWeibo8";
			};
			name = Debug;
		};
		18BB966B1C75F49100F521B9 /* Release */ = {
			isa = XCBuildConfiguration;
			buildSettings = {
				BUNDLE_LOADER = "$(TEST_HOST)";
				INFOPLIST_FILE = sinaWeibo8Tests/Info.plist;
				LD_RUNPATH_SEARCH_PATHS = "$(inherited) @executable_path/Frameworks @loader_path/Frameworks";
				PRODUCT_BUNDLE_IDENTIFIER = "com.Qifeng-Yan.sinaWeibo8Tests";
				PRODUCT_NAME = "$(TARGET_NAME)";
				TEST_HOST = "$(BUILT_PRODUCTS_DIR)/sinaWeibo8.app/sinaWeibo8";
			};
			name = Release;
		};
		18BB966D1C75F49100F521B9 /* Debug */ = {
			isa = XCBuildConfiguration;
			buildSettings = {
				INFOPLIST_FILE = sinaWeibo8UITests/Info.plist;
				LD_RUNPATH_SEARCH_PATHS = "$(inherited) @executable_path/Frameworks @loader_path/Frameworks";
				PRODUCT_BUNDLE_IDENTIFIER = "com.Qifeng-Yan.sinaWeibo8UITests";
				PRODUCT_NAME = "$(TARGET_NAME)";
				TEST_TARGET_NAME = sinaWeibo8;
				USES_XCTRUNNER = YES;
			};
			name = Debug;
		};
		18BB966E1C75F49100F521B9 /* Release */ = {
			isa = XCBuildConfiguration;
			buildSettings = {
				INFOPLIST_FILE = sinaWeibo8UITests/Info.plist;
				LD_RUNPATH_SEARCH_PATHS = "$(inherited) @executable_path/Frameworks @loader_path/Frameworks";
				PRODUCT_BUNDLE_IDENTIFIER = "com.Qifeng-Yan.sinaWeibo8UITests";
				PRODUCT_NAME = "$(TARGET_NAME)";
				TEST_TARGET_NAME = sinaWeibo8;
				USES_XCTRUNNER = YES;
			};
			name = Release;
		};
/* End XCBuildConfiguration section */

/* Begin XCConfigurationList section */
		18BB96341C75F49000F521B9 /* Build configuration list for PBXProject "sinaWeibo8" */ = {
			isa = XCConfigurationList;
			buildConfigurations = (
				18BB96641C75F49100F521B9 /* Debug */,
				18BB96651C75F49100F521B9 /* Release */,
			);
			defaultConfigurationIsVisible = 0;
			defaultConfigurationName = Release;
		};
		18BB96661C75F49100F521B9 /* Build configuration list for PBXNativeTarget "sinaWeibo8" */ = {
			isa = XCConfigurationList;
			buildConfigurations = (
				18BB96671C75F49100F521B9 /* Debug */,
				18BB96681C75F49100F521B9 /* Release */,
			);
			defaultConfigurationIsVisible = 0;
			defaultConfigurationName = Release;
		};
		18BB96691C75F49100F521B9 /* Build configuration list for PBXNativeTarget "sinaWeibo8Tests" */ = {
			isa = XCConfigurationList;
			buildConfigurations = (
				18BB966A1C75F49100F521B9 /* Debug */,
				18BB966B1C75F49100F521B9 /* Release */,
			);
			defaultConfigurationIsVisible = 0;
			defaultConfigurationName = Release;
		};
		18BB966C1C75F49100F521B9 /* Build configuration list for PBXNativeTarget "sinaWeibo8UITests" */ = {
			isa = XCConfigurationList;
			buildConfigurations = (
				18BB966D1C75F49100F521B9 /* Debug */,
				18BB966E1C75F49100F521B9 /* Release */,
			);
			defaultConfigurationIsVisible = 0;
			defaultConfigurationName = Release;
		};
/* End XCConfigurationList section */
	};
	rootObject = 18BB96311C75F49000F521B9 /* Project object */;
}
